
Microsoft Visual Studio Solution File, Format Version 12.00
# Visual Studio Version 16
VisualStudioVersion = 25.0.1706.14
MinimumVisualStudioVersion = 10.0.40219.1
Project("{FAE04EC0-301F-11D3-BF4B-00C04F79EFBC}") = "westpac_general", "westpac_general.csproj", "{09BA32FF-BEAA-475F-A669-890094C92176}"
EndProject
Global
	GlobalSection(SolutionConfigurationPlatforms) = preSolution
		Debug|Any CPU = Debug|Any CPU
		Release|Any CPU = Release|Any CPU
	EndGlobalSection
	GlobalSection(ProjectConfigurationPlatforms) = postSolution
		{09BA32FF-BEAA-475F-A669-890094C92176}.Debug|Any CPU.ActiveCfg = Debug|Any CPU
		{09BA32FF-BEAA-475F-A669-890094C92176}.Debug|Any CPU.Build.0 = Debug|Any CPU
		{09BA32FF-BEAA-475F-A669-890094C92176}.Release|Any CPU.ActiveCfg = Release|Any CPU
		{09BA32FF-BEAA-475F-A669-890094C92176}.Release|Any CPU.Build.0 = Release|Any CPU
	EndGlobalSection
	GlobalSection(SolutionProperties) = preSolution
		HideSolutionNode = FALSE
	EndGlobalSection
	GlobalSection(ExtensibilityGlobals) = postSolution
		SolutionGuid = {331092AA-C314-4B55-9BFF-6C03043BA5BE}
	EndGlobalSection
EndGlobal
